{
    "_readme": [
        "This file locks the dependencies of your project to a known state",
        "Read more about it at https://getcomposer.org/doc/01-basic-usage.md#installing-dependencies",
        "This file is @generated automatically"
    ],
    "content-hash": "e0e46922abff086c6d027cf34c87cf8c",
    "packages": [
        {
            "name": "phalcon/cli-options-parser",
            "version": "v1.1.0",
            "source": {
                "type": "git",
                "url": "https://github.com/phalcon/cli-options-parser.git",
                "reference": "7fa6f6d08cce88ba594fb559b05885bc7708af89"
            },
            "dist": {
                "type": "zip",
                "url": "https://api.github.com/repos/phalcon/cli-options-parser/zipball/7fa6f6d08cce88ba594fb559b05885bc7708af89",
                "reference": "7fa6f6d08cce88ba594fb559b05885bc7708af89",
                "shasum": ""
            },
            "require": {
                "php": ">=7.0"
            },
            "require-dev": {
                "phpstan/phpstan": "^0.9",
                "phpunit/phpunit": "^6.5",
                "squizlabs/php_codesniffer": "^3.2"
            },
            "type": "library",
            "autoload": {
                "psr-4": {
                    "Phalcon\\Cop\\": "src/"
                }
            },
            "notification-url": "https://packagist.org/downloads/",
            "license": [
                "BSD-3-Clause"
            ],
            "authors": [
                {
                    "name": "Phalcon Team",
                    "email": "team@phalconphp.com",
                    "homepage": "https://phalconphp.com/en/team"
                },
                {
                    "name": "Contributors",
                    "homepage": "https://github.com/phalcon/cli-options-parser/graphs/contributors"
                }
            ],
            "description": "Command line arguments parser",
            "homepage": "https://phalconphp.com",
            "keywords": [
                "cli",
                "command",
                "command-line",
                "getopt",
                "line",
                "option",
                "parser",
                "phalcon"
            ],
            "support": {
                "forum": "https://forum.phalconphp.com/",
                "issues": "https://github.com/phalcon/cli-options-parser/issues",
                "source": "https://github.com/phalcon/cli-options-parser"
            },
            "time": "2018-10-08T09:48:28+00:00"
        }
    ],
    "packages-dev": [],
    "aliases": [],
    "minimum-stability": "stable",
    "stability-flags": [],
    "prefer-stable": false,
    "prefer-lowest": false,
    "platform": [],
    "platform-dev": [],
    "plugin-api-version": "2.1.0"
}
